
Microsoft Visual Studio Solution File, Format Version 12.00
# Visual Studio Version 16
VisualStudioVersion = 16.0.29324.140
MinimumVisualStudioVersion = 10.0.40219.1
Project("{8BC9CEB8-8B4A-11D0-8D11-00A0C91BC942}") = "191_Practice3_JHug_ABenney", "191_Practice3_JHug_ABenney\191_Practice3_JHug_ABenney.vcxproj", "{219B5362-32A3-427E-AE36-B05CB5793EE2}"
EndProject
Global
	GlobalSection(SolutionConfigurationPlatforms) = preSolution
		Debug|x64 = Debug|x64
		Debug|x86 = Debug|x86
		Release|x64 = Release|x64
		Release|x86 = Release|x86
	EndGlobalSection
	GlobalSection(ProjectConfigurationPlatforms) = postSolution
		{219B5362-32A3-427E-AE36-B05CB5793EE2}.Debug|x64.ActiveCfg = Debug|x64
		{219B5362-32A3-427E-AE36-B05CB5793EE2}.Debug|x64.Build.0 = Debug|x64
		{219B5362-32A3-427E-AE36-B05CB5793EE2}.Debug|x86.ActiveCfg = Debug|Win32
		{219B5362-32A3-427E-AE36-B05CB5793EE2}.Debug|x86.Build.0 = Debug|Win32
		{219B5362-32A3-427E-AE36-B05CB5793EE2}.Release|x64.ActiveCfg = Release|x64
		{219B5362-32A3-427E-AE36-B05CB5793EE2}.Release|x64.Build.0 = Release|x64
		{219B5362-32A3-427E-AE36-B05CB5793EE2}.Release|x86.ActiveCfg = Release|Win32
		{219B5362-32A3-427E-AE36-B05CB5793EE2}.Release|x86.Build.0 = Release|Win32
	EndGlobalSection
	GlobalSection(SolutionProperties) = preSolution
		HideSolutionNode = FALSE
	EndGlobalSection
	GlobalSection(ExtensibilityGlobals) = postSolution
		SolutionGuid = {ED09C390-475C-48E0-8D7B-007703C1755E}
	EndGlobalSection
EndGlobal
